
Microsoft Visual Studio Solution File, Format Version 12.00
# Visual Studio Version 17
VisualStudioVersion = 17.1.32319.34
MinimumVisualStudioVersion = 10.0.40219.1
Project("{9A19103F-16F7-4668-BE54-9A1E7A4F7556}") = "UserService", "UserService\UserService.csproj", "{30ECC140-EDAA-4DEE-B8FA-1571F9CFF94D}"
EndProject
Project("{9A19103F-16F7-4668-BE54-9A1E7A4F7556}") = "ScrantonBranch", "ScrantonBranch\ScrantonBranch.csproj", "{16A6E499-0FCA-4CDB-ACD2-0D8388EBDA7B}"
EndProject
Project("{9A19103F-16F7-4668-BE54-9A1E7A4F7556}") = "UticaBranch", "UticaBranch\UticaBranch.csproj", "{7605F163-DF47-4835-BB13-F5FA0068DA7A}"
EndProject
Project("{9A19103F-16F7-4668-BE54-9A1E7A4F7556}") = "ProductService", "ProductService\ProductService.csproj", "{053A4E55-6787-432B-9921-AC9E57319D5B}"
EndProject
Project("{FAE04EC0-301F-11D3-BF4B-00C04F79EFBC}") = "Gateway", "Gateway\Gateway.csproj", "{DDFA32F9-82AC-4A7E-8376-3812CC154F57}"
EndProject
Global
	GlobalSection(SolutionConfigurationPlatforms) = preSolution
		Debug|Any CPU = Debug|Any CPU
		Release|Any CPU = Release|Any CPU
	EndGlobalSection
	GlobalSection(ProjectConfigurationPlatforms) = postSolution
		{30ECC140-EDAA-4DEE-B8FA-1571F9CFF94D}.Debug|Any CPU.ActiveCfg = Debug|Any CPU
		{30ECC140-EDAA-4DEE-B8FA-1571F9CFF94D}.Debug|Any CPU.Build.0 = Debug|Any CPU
		{30ECC140-EDAA-4DEE-B8FA-1571F9CFF94D}.Release|Any CPU.ActiveCfg = Release|Any CPU
		{30ECC140-EDAA-4DEE-B8FA-1571F9CFF94D}.Release|Any CPU.Build.0 = Release|Any CPU
		{16A6E499-0FCA-4CDB-ACD2-0D8388EBDA7B}.Debug|Any CPU.ActiveCfg = Debug|Any CPU
		{16A6E499-0FCA-4CDB-ACD2-0D8388EBDA7B}.Debug|Any CPU.Build.0 = Debug|Any CPU
		{16A6E499-0FCA-4CDB-ACD2-0D8388EBDA7B}.Release|Any CPU.ActiveCfg = Release|Any CPU
		{16A6E499-0FCA-4CDB-ACD2-0D8388EBDA7B}.Release|Any CPU.Build.0 = Release|Any CPU
		{7605F163-DF47-4835-BB13-F5FA0068DA7A}.Debug|Any CPU.ActiveCfg = Debug|Any CPU
		{7605F163-DF47-4835-BB13-F5FA0068DA7A}.Debug|Any CPU.Build.0 = Debug|Any CPU
		{7605F163-DF47-4835-BB13-F5FA0068DA7A}.Release|Any CPU.ActiveCfg = Release|Any CPU
		{7605F163-DF47-4835-BB13-F5FA0068DA7A}.Release|Any CPU.Build.0 = Release|Any CPU
		{053A4E55-6787-432B-9921-AC9E57319D5B}.Debug|Any CPU.ActiveCfg = Debug|Any CPU
		{053A4E55-6787-432B-9921-AC9E57319D5B}.Debug|Any CPU.Build.0 = Debug|Any CPU
		{053A4E55-6787-432B-9921-AC9E57319D5B}.Release|Any CPU.ActiveCfg = Release|Any CPU
		{053A4E55-6787-432B-9921-AC9E57319D5B}.Release|Any CPU.Build.0 = Release|Any CPU
		{DDFA32F9-82AC-4A7E-8376-3812CC154F57}.Debug|Any CPU.ActiveCfg = Debug|Any CPU
		{DDFA32F9-82AC-4A7E-8376-3812CC154F57}.Debug|Any CPU.Build.0 = Debug|Any CPU
		{DDFA32F9-82AC-4A7E-8376-3812CC154F57}.Release|Any CPU.ActiveCfg = Release|Any CPU
		{DDFA32F9-82AC-4A7E-8376-3812CC154F57}.Release|Any CPU.Build.0 = Release|Any CPU
	EndGlobalSection
	GlobalSection(SolutionProperties) = preSolution
		HideSolutionNode = FALSE
	EndGlobalSection
	GlobalSection(ExtensibilityGlobals) = postSolution
		SolutionGuid = {BED9550D-9ACE-4A2C-B3DB-0C717D001962}
	EndGlobalSection
EndGlobal
